{
  "version": 4,
  "terraform_version": "0.14.4",
  "serial": 6,
  "lineage": "6a9cdfe7-9022-3236-1aa3-6eb6f45c18c9",
  "outputs": {},
  "resources": [
    {
      "mode": "data",
      "type": "template_file",
      "name": "buildspec",
      "provider": "provider[\"registry.terraform.io/hashicorp/template\"]",
      "instances": [
        {
          "schema_version": 0,
          "attributes": {
            "filename": null,
            "id": "a1016dadcaa535230da66f35a25e5460b9d194e4b09b98dd959daf36356d637a",
            "rendered": "version: 0.2\r\n\r\nenv:\r\n  variables:\r\n    NODE_ENV: \"dev\"\r\n\r\nphases:\r\n  install:\r\n    runtime-versions:\r\n      nodejs: 12\r\n    commands:\r\n      - npm i\r\n      # - npm run lint\r\n  pre_build:\r\n    commands:\r\n      - npm i\r\n      - npm run test\r\n  build:\r\n    commands:\r\n      - npm run build\r\n\r\nartifacts:\r\n  files:\r\n    - \"**/*\"\r\n  name: \"web-dist-dev\"\r\n  base-directory: build\r\n\r\ncache:\r\n  paths:\r\n    - /root/.npm/**/*",
            "template": "version: 0.2\r\n\r\nenv:\r\n  variables:\r\n    NODE_ENV: \"${env}\"\r\n\r\nphases:\r\n  install:\r\n    runtime-versions:\r\n      nodejs: 12\r\n    commands:\r\n      - npm i\r\n      # - npm run lint\r\n  pre_build:\r\n    commands:\r\n      - npm i\r\n      - npm run test\r\n  build:\r\n    commands:\r\n      - npm run build\r\n\r\nartifacts:\r\n  files:\r\n    - \"**/*\"\r\n  name: \"web-dist-${env}\"\r\n  base-directory: build\r\n\r\ncache:\r\n  paths:\r\n    - /root/.npm/**/*",
            "vars": {
              "env": "dev"
            }
          },
          "sensitive_attributes": []
        }
      ]
    },
    {
      "mode": "managed",
      "type": "aws_codepipeline_webhook",
      "name": "codepipeline_webhook",
      "provider": "provider[\"registry.terraform.io/hashicorp/aws\"]",
      "instances": []
    },
    {
      "mode": "managed",
      "type": "aws_iam_role",
      "name": "codepipeline_role",
      "provider": "provider[\"registry.terraform.io/hashicorp/aws\"]",
      "instances": [
        {
          "schema_version": 0,
          "attributes": {
            "arn": "arn:aws:iam::014728856463:role/test-role",
            "assume_role_policy": "{\"Version\":\"2012-10-17\",\"Statement\":[{\"Effect\":\"Allow\",\"Principal\":{\"Service\":\"codepipeline.amazonaws.com\"},\"Action\":\"sts:AssumeRole\"}]}",
            "create_date": "2021-02-11T10:27:48Z",
            "description": "",
            "force_detach_policies": false,
            "id": "test-role",
            "max_session_duration": 3600,
            "name": "test-role",
            "name_prefix": null,
            "path": "/",
            "permissions_boundary": null,
            "tags": {},
            "unique_id": "AROAQG3PIQOH2QBVJBDRL"
          },
          "sensitive_attributes": [],
          "private": "bnVsbA=="
        }
      ]
    },
    {
      "mode": "managed",
      "type": "aws_iam_role_policy",
      "name": "codepipeline_policy",
      "provider": "provider[\"registry.terraform.io/hashicorp/aws\"]",
      "instances": [
        {
          "schema_version": 0,
          "attributes": {
            "id": "test-role:codepipeline_policy",
            "name": "codepipeline_policy",
            "name_prefix": null,
            "policy": "{\r\n  \"Version\": \"2012-10-17\",\r\n  \"Statement\": [\r\n    {\r\n      \"Effect\":\"Allow\",\r\n      \"Action\": [\r\n        \"s3:GetObject\",\r\n        \"s3:GetObjectVersion\",\r\n        \"s3:GetBucketVersioning\",\r\n        \"s3:PutObject\"\r\n      ],\r\n      \"Resource\": [\r\n        \"*\" \r\n      ]\r\n    },\r\n    {\r\n      \"Effect\": \"Allow\",\r\n      \"Action\": [\r\n        \"codebuild:BatchGetBuilds\",\r\n        \"codebuild:StartBuild\"\r\n      ],\r\n      \"Resource\": \"*\"\r\n    }\r\n  ]\r\n}\r\n",
            "role": "test-role"
          },
          "sensitive_attributes": [],
          "private": "bnVsbA==",
          "dependencies": [
            "aws_iam_role.codepipeline_role"
          ]
        }
      ]
    },
    {
      "mode": "managed",
      "type": "github_repository_webhook",
      "name": "github_hook",
      "provider": "provider[\"registry.terraform.io/hashicorp/github\"]",
      "instances": []
    },
    {
      "mode": "managed",
      "type": "random_string",
      "name": "github_secret",
      "provider": "provider[\"registry.terraform.io/hashicorp/random\"]",
      "instances": [
        {
          "schema_version": 1,
          "attributes": {
            "id": "NOWwxbEhLFFlVc3x2KF1diNL2C2J9TIOCVIeb7FI75lQsdXsEypnV7sKsibhrIizaYPCwXq2EJNIjlTYfl2FBQ3suE8nHRCSReG",
            "keepers": null,
            "length": 99,
            "lower": true,
            "min_lower": 0,
            "min_numeric": 0,
            "min_special": 0,
            "min_upper": 0,
            "number": true,
            "override_special": null,
            "result": "NOWwxbEhLFFlVc3x2KF1diNL2C2J9TIOCVIeb7FI75lQsdXsEypnV7sKsibhrIizaYPCwXq2EJNIjlTYfl2FBQ3suE8nHRCSReG",
            "special": false,
            "upper": true
          },
          "sensitive_attributes": [],
          "private": "eyJzY2hlbWFfdmVyc2lvbiI6IjEifQ=="
        }
      ]
    }
  ]
}
